
Microsoft Visual Studio Solution File, Format Version 12.00
# Visual Studio 14
VisualStudioVersion = 14.0.23107.0
MinimumVisualStudioVersion = 10.0.40219.1
Project("{FAE04EC0-301F-11D3-BF4B-00C04F79EFBC}") = "1", "1\1.csproj", "{240DCEBF-E728-4098-8468-3D60299B7A43}"
EndProject
Project("{FAE04EC0-301F-11D3-BF4B-00C04F79EFBC}") = "1.Web", "1.Web\1.Web.csproj", "{D211047F-12C5-44F6-809C-E4E873ADD56B}"
EndProject
Global
	GlobalSection(SolutionConfigurationPlatforms) = preSolution
		Debug|Any CPU = Debug|Any CPU
		Release|Any CPU = Release|Any CPU
	EndGlobalSection
	GlobalSection(ProjectConfigurationPlatforms) = postSolution
		{240DCEBF-E728-4098-8468-3D60299B7A43}.Debug|Any CPU.ActiveCfg = Debug|Any CPU
		{240DCEBF-E728-4098-8468-3D60299B7A43}.Debug|Any CPU.Build.0 = Debug|Any CPU
		{240DCEBF-E728-4098-8468-3D60299B7A43}.Release|Any CPU.ActiveCfg = Release|Any CPU
		{240DCEBF-E728-4098-8468-3D60299B7A43}.Release|Any CPU.Build.0 = Release|Any CPU
		{D211047F-12C5-44F6-809C-E4E873ADD56B}.Debug|Any CPU.ActiveCfg = Debug|Any CPU
		{D211047F-12C5-44F6-809C-E4E873ADD56B}.Debug|Any CPU.Build.0 = Debug|Any CPU
		{D211047F-12C5-44F6-809C-E4E873ADD56B}.Release|Any CPU.ActiveCfg = Release|Any CPU
		{D211047F-12C5-44F6-809C-E4E873ADD56B}.Release|Any CPU.Build.0 = Release|Any CPU
	EndGlobalSection
	GlobalSection(SolutionProperties) = preSolution
		HideSolutionNode = FALSE
	EndGlobalSection
EndGlobal
