
Microsoft Visual Studio Solution File, Format Version 12.00
# Visual Studio 2012
Project("{f2a71f9b-5d33-465a-a702-920d77279786}") = "hw4", "task1\hw4.fsproj", "{F8FCBE98-B7C6-4DFE-9F63-7E0E78FECF35}"
EndProject
Global
	GlobalSection(SolutionConfigurationPlatforms) = preSolution
		Debug|x86 = Debug|x86
		Release|x86 = Release|x86
	EndGlobalSection
	GlobalSection(ProjectConfigurationPlatforms) = postSolution
		{F8FCBE98-B7C6-4DFE-9F63-7E0E78FECF35}.Debug|x86.ActiveCfg = Debug|x86
		{F8FCBE98-B7C6-4DFE-9F63-7E0E78FECF35}.Debug|x86.Build.0 = Debug|x86
		{F8FCBE98-B7C6-4DFE-9F63-7E0E78FECF35}.Release|x86.ActiveCfg = Release|x86
		{F8FCBE98-B7C6-4DFE-9F63-7E0E78FECF35}.Release|x86.Build.0 = Release|x86
	EndGlobalSection
EndGlobal
